
Microsoft Visual Studio Solution File, Format Version 12.00
# Visual Studio Version 16
VisualStudioVersion = 16.0.28917.181
MinimumVisualStudioVersion = 10.0.40219.1
Project("{FAE04EC0-301F-11D3-BF4B-00C04F79EFBC}") = "WindowsFormsApp1", "WindowsFormsApp1.csproj", "{81022456-1BE1-45F1-9CC2-82AAAB69AAA2}"
EndProject
Global
	GlobalSection(SolutionConfigurationPlatforms) = preSolution
		Debug|Any CPU = Debug|Any CPU
		Release|Any CPU = Release|Any CPU
	EndGlobalSection
	GlobalSection(ProjectConfigurationPlatforms) = postSolution
		{81022456-1BE1-45F1-9CC2-82AAAB69AAA2}.Debug|Any CPU.ActiveCfg = Debug|Any CPU
		{81022456-1BE1-45F1-9CC2-82AAAB69AAA2}.Debug|Any CPU.Build.0 = Debug|Any CPU
		{81022456-1BE1-45F1-9CC2-82AAAB69AAA2}.Release|Any CPU.ActiveCfg = Release|Any CPU
		{81022456-1BE1-45F1-9CC2-82AAAB69AAA2}.Release|Any CPU.Build.0 = Release|Any CPU
	EndGlobalSection
	GlobalSection(SolutionProperties) = preSolution
		HideSolutionNode = FALSE
	EndGlobalSection
	GlobalSection(ExtensibilityGlobals) = postSolution
		SolutionGuid = {76F28EDE-1FDE-4962-B380-8DB2846603DA}
	EndGlobalSection
EndGlobal
